
Microsoft Visual Studio Solution File, Format Version 12.00
# Visual Studio Version 16
VisualStudioVersion = 16.0.29920.165
MinimumVisualStudioVersion = 10.0.40219.1
Project("{FAE04EC0-301F-11D3-BF4B-00C04F79EFBC}") = "LogsReader", "LogsReader\LogsReader.csproj", "{72AB6C0C-0702-4307-B210-03387CBE2BB8}"
EndProject
Project("{FAE04EC0-301F-11D3-BF4B-00C04F79EFBC}") = "SPAFilter", "SPAFilter\SPAFilter.csproj", "{2D965102-2CC6-4C82-AD78-DAB5ED41DD32}"
EndProject
Project("{FAE04EC0-301F-11D3-BF4B-00C04F79EFBC}") = "XPathTester", "XPathTester\XPathTester.csproj", "{1E6D3446-094B-4451-AFF1-4D3C0F82C90B}"
EndProject
Project("{FAE04EC0-301F-11D3-BF4B-00C04F79EFBC}") = "SPAMassageSaloon", "SPAMassageSaloon\SPAMassageSaloon.csproj", "{6B055C49-DCE2-4209-BEAE-D998E31DA315}"
EndProject
Project("{FAE04EC0-301F-11D3-BF4B-00C04F79EFBC}") = "SPAMassageSaloon.Common", "SPAMassageSaloon.Common\SPAMassageSaloon.Common.csproj", "{CA12905A-D287-4CBB-A91D-358614B24D8F}"
EndProject
Global
	GlobalSection(SolutionConfigurationPlatforms) = preSolution
		Debug|Any CPU = Debug|Any CPU
		Release|Any CPU = Release|Any CPU
	EndGlobalSection
	GlobalSection(ProjectConfigurationPlatforms) = postSolution
		{72AB6C0C-0702-4307-B210-03387CBE2BB8}.Debug|Any CPU.ActiveCfg = Debug|Any CPU
		{72AB6C0C-0702-4307-B210-03387CBE2BB8}.Debug|Any CPU.Build.0 = Debug|Any CPU
		{72AB6C0C-0702-4307-B210-03387CBE2BB8}.Release|Any CPU.ActiveCfg = Release|Any CPU
		{72AB6C0C-0702-4307-B210-03387CBE2BB8}.Release|Any CPU.Build.0 = Release|Any CPU
		{2D965102-2CC6-4C82-AD78-DAB5ED41DD32}.Debug|Any CPU.ActiveCfg = Debug|Any CPU
		{2D965102-2CC6-4C82-AD78-DAB5ED41DD32}.Debug|Any CPU.Build.0 = Debug|Any CPU
		{2D965102-2CC6-4C82-AD78-DAB5ED41DD32}.Release|Any CPU.ActiveCfg = Release|Any CPU
		{2D965102-2CC6-4C82-AD78-DAB5ED41DD32}.Release|Any CPU.Build.0 = Release|Any CPU
		{1E6D3446-094B-4451-AFF1-4D3C0F82C90B}.Debug|Any CPU.ActiveCfg = Debug|Any CPU
		{1E6D3446-094B-4451-AFF1-4D3C0F82C90B}.Debug|Any CPU.Build.0 = Debug|Any CPU
		{1E6D3446-094B-4451-AFF1-4D3C0F82C90B}.Release|Any CPU.ActiveCfg = Release|Any CPU
		{1E6D3446-094B-4451-AFF1-4D3C0F82C90B}.Release|Any CPU.Build.0 = Release|Any CPU
		{6B055C49-DCE2-4209-BEAE-D998E31DA315}.Debug|Any CPU.ActiveCfg = Debug|Any CPU
		{6B055C49-DCE2-4209-BEAE-D998E31DA315}.Debug|Any CPU.Build.0 = Debug|Any CPU
		{6B055C49-DCE2-4209-BEAE-D998E31DA315}.Release|Any CPU.ActiveCfg = Release|Any CPU
		{6B055C49-DCE2-4209-BEAE-D998E31DA315}.Release|Any CPU.Build.0 = Release|Any CPU
		{CA12905A-D287-4CBB-A91D-358614B24D8F}.Debug|Any CPU.ActiveCfg = Debug|Any CPU
		{CA12905A-D287-4CBB-A91D-358614B24D8F}.Debug|Any CPU.Build.0 = Debug|Any CPU
		{CA12905A-D287-4CBB-A91D-358614B24D8F}.Release|Any CPU.ActiveCfg = Release|Any CPU
		{CA12905A-D287-4CBB-A91D-358614B24D8F}.Release|Any CPU.Build.0 = Release|Any CPU
	EndGlobalSection
	GlobalSection(SolutionProperties) = preSolution
		HideSolutionNode = FALSE
	EndGlobalSection
	GlobalSection(ExtensibilityGlobals) = postSolution
		SolutionGuid = {2BC0B5B2-0E6B-4975-8E25-1EC46758E32E}
	EndGlobalSection
EndGlobal
