
Microsoft Visual Studio Solution File, Format Version 12.00
# Visual Studio 15
VisualStudioVersion = 15.0.26730.10
MinimumVisualStudioVersion = 10.0.40219.1
Project("{FAE04EC0-301F-11D3-BF4B-00C04F79EFBC}") = "Utils", "Utils\Utils.csproj", "{A734B4E4-A5BF-4566-AC89-FC58D02B2D5F}"
EndProject
Project("{FAE04EC0-301F-11D3-BF4B-00C04F79EFBC}") = "Utils.WinForm", "Utils.WinForm\Utils.WinForm.csproj", "{E4433085-2226-40E5-80E9-1AF136E70F5B}"
EndProject
Project("{FAE04EC0-301F-11D3-BF4B-00C04F79EFBC}") = "Tester.WinForm", "Tester.WinForm\Tester.WinForm.csproj", "{28899798-ABD2-49A1-8F07-49C683663FBB}"
EndProject
Project("{FAE04EC0-301F-11D3-BF4B-00C04F79EFBC}") = "Tester.Console", "TesterConsole\Tester.Console.csproj", "{B1F751E9-9B06-439B-B0AF-4239050615E6}"
EndProject
Project("{FAE04EC0-301F-11D3-BF4B-00C04F79EFBC}") = "Tester.Updater", "Tester.Updater\Tester.Updater.csproj", "{C5F4B5A2-27BC-43EC-927A-E3612174E0F1}"
EndProject
Global
	GlobalSection(SolutionConfigurationPlatforms) = preSolution
		Debug|Any CPU = Debug|Any CPU
		Release|Any CPU = Release|Any CPU
	EndGlobalSection
	GlobalSection(ProjectConfigurationPlatforms) = postSolution
		{A734B4E4-A5BF-4566-AC89-FC58D02B2D5F}.Debug|Any CPU.ActiveCfg = Debug|Any CPU
		{A734B4E4-A5BF-4566-AC89-FC58D02B2D5F}.Debug|Any CPU.Build.0 = Debug|Any CPU
		{A734B4E4-A5BF-4566-AC89-FC58D02B2D5F}.Release|Any CPU.ActiveCfg = Release|Any CPU
		{A734B4E4-A5BF-4566-AC89-FC58D02B2D5F}.Release|Any CPU.Build.0 = Release|Any CPU
		{E4433085-2226-40E5-80E9-1AF136E70F5B}.Debug|Any CPU.ActiveCfg = Debug|Any CPU
		{E4433085-2226-40E5-80E9-1AF136E70F5B}.Debug|Any CPU.Build.0 = Debug|Any CPU
		{E4433085-2226-40E5-80E9-1AF136E70F5B}.Release|Any CPU.ActiveCfg = Release|Any CPU
		{E4433085-2226-40E5-80E9-1AF136E70F5B}.Release|Any CPU.Build.0 = Release|Any CPU
		{28899798-ABD2-49A1-8F07-49C683663FBB}.Debug|Any CPU.ActiveCfg = Debug|Any CPU
		{28899798-ABD2-49A1-8F07-49C683663FBB}.Debug|Any CPU.Build.0 = Debug|Any CPU
		{28899798-ABD2-49A1-8F07-49C683663FBB}.Release|Any CPU.ActiveCfg = Release|Any CPU
		{28899798-ABD2-49A1-8F07-49C683663FBB}.Release|Any CPU.Build.0 = Release|Any CPU
		{B1F751E9-9B06-439B-B0AF-4239050615E6}.Debug|Any CPU.ActiveCfg = Debug|Any CPU
		{B1F751E9-9B06-439B-B0AF-4239050615E6}.Debug|Any CPU.Build.0 = Debug|Any CPU
		{B1F751E9-9B06-439B-B0AF-4239050615E6}.Release|Any CPU.ActiveCfg = Release|Any CPU
		{B1F751E9-9B06-439B-B0AF-4239050615E6}.Release|Any CPU.Build.0 = Release|Any CPU
		{C5F4B5A2-27BC-43EC-927A-E3612174E0F1}.Debug|Any CPU.ActiveCfg = Debug|Any CPU
		{C5F4B5A2-27BC-43EC-927A-E3612174E0F1}.Debug|Any CPU.Build.0 = Debug|Any CPU
		{C5F4B5A2-27BC-43EC-927A-E3612174E0F1}.Release|Any CPU.ActiveCfg = Release|Any CPU
		{C5F4B5A2-27BC-43EC-927A-E3612174E0F1}.Release|Any CPU.Build.0 = Release|Any CPU
	EndGlobalSection
	GlobalSection(SolutionProperties) = preSolution
		HideSolutionNode = FALSE
	EndGlobalSection
	GlobalSection(ExtensibilityGlobals) = postSolution
		SolutionGuid = {2EE3C584-1063-469C-A9BA-4BA9F42E643F}
	EndGlobalSection
EndGlobal
