
Microsoft Visual Studio Solution File, Format Version 12.00
# Visual Studio 15
VisualStudioVersion = 15.0.27130.2036
MinimumVisualStudioVersion = 10.0.40219.1
Project("{FAE04EC0-301F-11D3-BF4B-00C04F79EFBC}") = "Utils", "Utils\Utils.csproj", "{A734B4E4-A5BF-4566-AC89-FC58D02B2D5F}"
EndProject
Project("{FAE04EC0-301F-11D3-BF4B-00C04F79EFBC}") = "Utils.WinForm", "Utils.WinForm\Utils.WinForm.csproj", "{E4433085-2226-40E5-80E9-1AF136E70F5B}"
EndProject
Project("{FAE04EC0-301F-11D3-BF4B-00C04F79EFBC}") = "Tester.WinForm", "Tester.WinForm\Tester.WinForm.csproj", "{28899798-ABD2-49A1-8F07-49C683663FBB}"
EndProject
Project("{FAE04EC0-301F-11D3-BF4B-00C04F79EFBC}") = "Tester.Console", "Tester.Console\Tester.Console.csproj", "{B1F751E9-9B06-439B-B0AF-4239050615E6}"
EndProject
Project("{FAE04EC0-301F-11D3-BF4B-00C04F79EFBC}") = "Tester.Updater", "Tester.Updater\Tester.Updater.csproj", "{C5F4B5A2-27BC-43EC-927A-E3612174E0F1}"
EndProject
Project("{FAE04EC0-301F-11D3-BF4B-00C04F79EFBC}") = "Utils.UIControls", "Utils.UIControls\Utils.UIControls.csproj", "{AFD02531-44B0-44D7-9D97-E5D4872B836B}"
EndProject
Project("{FAE04EC0-301F-11D3-BF4B-00C04F79EFBC}") = "Tester.UIControls", "Tester.UIControls\Tester.UIControls.csproj", "{B88AFB41-2619-4686-B0E6-63A58DDD3C0E}"
EndProject
Global
	GlobalSection(SolutionConfigurationPlatforms) = preSolution
		Debug|Any CPU = Debug|Any CPU
		Debug|x64 = Debug|x64
		Debug|x86 = Debug|x86
		Release|Any CPU = Release|Any CPU
		Release|x64 = Release|x64
		Release|x86 = Release|x86
	EndGlobalSection
	GlobalSection(ProjectConfigurationPlatforms) = postSolution
		{A734B4E4-A5BF-4566-AC89-FC58D02B2D5F}.Debug|Any CPU.ActiveCfg = Debug|Any CPU
		{A734B4E4-A5BF-4566-AC89-FC58D02B2D5F}.Debug|Any CPU.Build.0 = Debug|Any CPU
		{A734B4E4-A5BF-4566-AC89-FC58D02B2D5F}.Debug|x64.ActiveCfg = Debug|x64
		{A734B4E4-A5BF-4566-AC89-FC58D02B2D5F}.Debug|x64.Build.0 = Debug|x64
		{A734B4E4-A5BF-4566-AC89-FC58D02B2D5F}.Debug|x86.ActiveCfg = Debug|x86
		{A734B4E4-A5BF-4566-AC89-FC58D02B2D5F}.Debug|x86.Build.0 = Debug|x86
		{A734B4E4-A5BF-4566-AC89-FC58D02B2D5F}.Release|Any CPU.ActiveCfg = Release|Any CPU
		{A734B4E4-A5BF-4566-AC89-FC58D02B2D5F}.Release|Any CPU.Build.0 = Release|Any CPU
		{A734B4E4-A5BF-4566-AC89-FC58D02B2D5F}.Release|x64.ActiveCfg = Release|x64
		{A734B4E4-A5BF-4566-AC89-FC58D02B2D5F}.Release|x64.Build.0 = Release|x64
		{A734B4E4-A5BF-4566-AC89-FC58D02B2D5F}.Release|x86.ActiveCfg = Release|x86
		{A734B4E4-A5BF-4566-AC89-FC58D02B2D5F}.Release|x86.Build.0 = Release|x86
		{E4433085-2226-40E5-80E9-1AF136E70F5B}.Debug|Any CPU.ActiveCfg = Debug|Any CPU
		{E4433085-2226-40E5-80E9-1AF136E70F5B}.Debug|Any CPU.Build.0 = Debug|Any CPU
		{E4433085-2226-40E5-80E9-1AF136E70F5B}.Debug|x64.ActiveCfg = Debug|x64
		{E4433085-2226-40E5-80E9-1AF136E70F5B}.Debug|x64.Build.0 = Debug|x64
		{E4433085-2226-40E5-80E9-1AF136E70F5B}.Debug|x86.ActiveCfg = Debug|x86
		{E4433085-2226-40E5-80E9-1AF136E70F5B}.Debug|x86.Build.0 = Debug|x86
		{E4433085-2226-40E5-80E9-1AF136E70F5B}.Release|Any CPU.ActiveCfg = Release|Any CPU
		{E4433085-2226-40E5-80E9-1AF136E70F5B}.Release|Any CPU.Build.0 = Release|Any CPU
		{E4433085-2226-40E5-80E9-1AF136E70F5B}.Release|x64.ActiveCfg = Release|x64
		{E4433085-2226-40E5-80E9-1AF136E70F5B}.Release|x64.Build.0 = Release|x64
		{E4433085-2226-40E5-80E9-1AF136E70F5B}.Release|x86.ActiveCfg = Release|x86
		{E4433085-2226-40E5-80E9-1AF136E70F5B}.Release|x86.Build.0 = Release|x86
		{28899798-ABD2-49A1-8F07-49C683663FBB}.Debug|Any CPU.ActiveCfg = Debug|Any CPU
		{28899798-ABD2-49A1-8F07-49C683663FBB}.Debug|Any CPU.Build.0 = Debug|Any CPU
		{28899798-ABD2-49A1-8F07-49C683663FBB}.Debug|x64.ActiveCfg = Debug|x64
		{28899798-ABD2-49A1-8F07-49C683663FBB}.Debug|x64.Build.0 = Debug|x64
		{28899798-ABD2-49A1-8F07-49C683663FBB}.Debug|x86.ActiveCfg = Debug|x86
		{28899798-ABD2-49A1-8F07-49C683663FBB}.Debug|x86.Build.0 = Debug|x86
		{28899798-ABD2-49A1-8F07-49C683663FBB}.Release|Any CPU.ActiveCfg = Release|Any CPU
		{28899798-ABD2-49A1-8F07-49C683663FBB}.Release|Any CPU.Build.0 = Release|Any CPU
		{28899798-ABD2-49A1-8F07-49C683663FBB}.Release|x64.ActiveCfg = Release|x64
		{28899798-ABD2-49A1-8F07-49C683663FBB}.Release|x64.Build.0 = Release|x64
		{28899798-ABD2-49A1-8F07-49C683663FBB}.Release|x86.ActiveCfg = Release|x86
		{28899798-ABD2-49A1-8F07-49C683663FBB}.Release|x86.Build.0 = Release|x86
		{B1F751E9-9B06-439B-B0AF-4239050615E6}.Debug|Any CPU.ActiveCfg = Debug|Any CPU
		{B1F751E9-9B06-439B-B0AF-4239050615E6}.Debug|Any CPU.Build.0 = Debug|Any CPU
		{B1F751E9-9B06-439B-B0AF-4239050615E6}.Debug|x64.ActiveCfg = Debug|x64
		{B1F751E9-9B06-439B-B0AF-4239050615E6}.Debug|x64.Build.0 = Debug|x64
		{B1F751E9-9B06-439B-B0AF-4239050615E6}.Debug|x86.ActiveCfg = Debug|x86
		{B1F751E9-9B06-439B-B0AF-4239050615E6}.Debug|x86.Build.0 = Debug|x86
		{B1F751E9-9B06-439B-B0AF-4239050615E6}.Release|Any CPU.ActiveCfg = Release|Any CPU
		{B1F751E9-9B06-439B-B0AF-4239050615E6}.Release|Any CPU.Build.0 = Release|Any CPU
		{B1F751E9-9B06-439B-B0AF-4239050615E6}.Release|x64.ActiveCfg = Release|x64
		{B1F751E9-9B06-439B-B0AF-4239050615E6}.Release|x64.Build.0 = Release|x64
		{B1F751E9-9B06-439B-B0AF-4239050615E6}.Release|x86.ActiveCfg = Release|x86
		{B1F751E9-9B06-439B-B0AF-4239050615E6}.Release|x86.Build.0 = Release|x86
		{C5F4B5A2-27BC-43EC-927A-E3612174E0F1}.Debug|Any CPU.ActiveCfg = Debug|Any CPU
		{C5F4B5A2-27BC-43EC-927A-E3612174E0F1}.Debug|Any CPU.Build.0 = Debug|Any CPU
		{C5F4B5A2-27BC-43EC-927A-E3612174E0F1}.Debug|x64.ActiveCfg = Debug|x64
		{C5F4B5A2-27BC-43EC-927A-E3612174E0F1}.Debug|x64.Build.0 = Debug|x64
		{C5F4B5A2-27BC-43EC-927A-E3612174E0F1}.Debug|x86.ActiveCfg = Debug|x86
		{C5F4B5A2-27BC-43EC-927A-E3612174E0F1}.Debug|x86.Build.0 = Debug|x86
		{C5F4B5A2-27BC-43EC-927A-E3612174E0F1}.Release|Any CPU.ActiveCfg = Release|Any CPU
		{C5F4B5A2-27BC-43EC-927A-E3612174E0F1}.Release|Any CPU.Build.0 = Release|Any CPU
		{C5F4B5A2-27BC-43EC-927A-E3612174E0F1}.Release|x64.ActiveCfg = Release|x64
		{C5F4B5A2-27BC-43EC-927A-E3612174E0F1}.Release|x64.Build.0 = Release|x64
		{C5F4B5A2-27BC-43EC-927A-E3612174E0F1}.Release|x86.ActiveCfg = Release|x86
		{C5F4B5A2-27BC-43EC-927A-E3612174E0F1}.Release|x86.Build.0 = Release|x86
		{AFD02531-44B0-44D7-9D97-E5D4872B836B}.Debug|Any CPU.ActiveCfg = Debug|Any CPU
		{AFD02531-44B0-44D7-9D97-E5D4872B836B}.Debug|Any CPU.Build.0 = Debug|Any CPU
		{AFD02531-44B0-44D7-9D97-E5D4872B836B}.Debug|x64.ActiveCfg = Debug|x64
		{AFD02531-44B0-44D7-9D97-E5D4872B836B}.Debug|x64.Build.0 = Debug|x64
		{AFD02531-44B0-44D7-9D97-E5D4872B836B}.Debug|x86.ActiveCfg = Debug|x86
		{AFD02531-44B0-44D7-9D97-E5D4872B836B}.Debug|x86.Build.0 = Debug|x86
		{AFD02531-44B0-44D7-9D97-E5D4872B836B}.Release|Any CPU.ActiveCfg = Release|Any CPU
		{AFD02531-44B0-44D7-9D97-E5D4872B836B}.Release|Any CPU.Build.0 = Release|Any CPU
		{AFD02531-44B0-44D7-9D97-E5D4872B836B}.Release|x64.ActiveCfg = Release|x64
		{AFD02531-44B0-44D7-9D97-E5D4872B836B}.Release|x64.Build.0 = Release|x64
		{AFD02531-44B0-44D7-9D97-E5D4872B836B}.Release|x86.ActiveCfg = Release|x86
		{AFD02531-44B0-44D7-9D97-E5D4872B836B}.Release|x86.Build.0 = Release|x86
		{B88AFB41-2619-4686-B0E6-63A58DDD3C0E}.Debug|Any CPU.ActiveCfg = Debug|Any CPU
		{B88AFB41-2619-4686-B0E6-63A58DDD3C0E}.Debug|Any CPU.Build.0 = Debug|Any CPU
		{B88AFB41-2619-4686-B0E6-63A58DDD3C0E}.Debug|x64.ActiveCfg = Debug|x64
		{B88AFB41-2619-4686-B0E6-63A58DDD3C0E}.Debug|x64.Build.0 = Debug|x64
		{B88AFB41-2619-4686-B0E6-63A58DDD3C0E}.Debug|x86.ActiveCfg = Debug|x86
		{B88AFB41-2619-4686-B0E6-63A58DDD3C0E}.Debug|x86.Build.0 = Debug|x86
		{B88AFB41-2619-4686-B0E6-63A58DDD3C0E}.Release|Any CPU.ActiveCfg = Release|Any CPU
		{B88AFB41-2619-4686-B0E6-63A58DDD3C0E}.Release|Any CPU.Build.0 = Release|Any CPU
		{B88AFB41-2619-4686-B0E6-63A58DDD3C0E}.Release|x64.ActiveCfg = Release|x64
		{B88AFB41-2619-4686-B0E6-63A58DDD3C0E}.Release|x64.Build.0 = Release|x64
		{B88AFB41-2619-4686-B0E6-63A58DDD3C0E}.Release|x86.ActiveCfg = Release|x86
		{B88AFB41-2619-4686-B0E6-63A58DDD3C0E}.Release|x86.Build.0 = Release|x86
	EndGlobalSection
	GlobalSection(SolutionProperties) = preSolution
		HideSolutionNode = FALSE
	EndGlobalSection
	GlobalSection(ExtensibilityGlobals) = postSolution
		SolutionGuid = {2EE3C584-1063-469C-A9BA-4BA9F42E643F}
	EndGlobalSection
EndGlobal
