
Microsoft Visual Studio Solution File, Format Version 12.00
# Visual Studio 14
VisualStudioVersion = 14.0.25420.1
MinimumVisualStudioVersion = 10.0.40219.1
Project("{FAE04EC0-301F-11D3-BF4B-00C04F79EFBC}") = "UIPresentationControls", "UIPresentationControls\UIPresentationControls.csproj", "{EFD2DC75-B791-4D2B-844C-D6B30CC7E2C9}"
EndProject
Project("{FAE04EC0-301F-11D3-BF4B-00C04F79EFBC}") = "UIPresentationControls.Test", "UIPresentationControls.Test\UIPresentationControls.Test.csproj", "{55271AD0-7040-4A24-958F-036DBAC8392B}"
EndProject
Global
	GlobalSection(SolutionConfigurationPlatforms) = preSolution
		Debug|Any CPU = Debug|Any CPU
		Release|Any CPU = Release|Any CPU
	EndGlobalSection
	GlobalSection(ProjectConfigurationPlatforms) = postSolution
		{EFD2DC75-B791-4D2B-844C-D6B30CC7E2C9}.Debug|Any CPU.ActiveCfg = Debug|Any CPU
		{EFD2DC75-B791-4D2B-844C-D6B30CC7E2C9}.Debug|Any CPU.Build.0 = Debug|Any CPU
		{EFD2DC75-B791-4D2B-844C-D6B30CC7E2C9}.Release|Any CPU.ActiveCfg = Release|Any CPU
		{EFD2DC75-B791-4D2B-844C-D6B30CC7E2C9}.Release|Any CPU.Build.0 = Release|Any CPU
		{55271AD0-7040-4A24-958F-036DBAC8392B}.Debug|Any CPU.ActiveCfg = Debug|Any CPU
		{55271AD0-7040-4A24-958F-036DBAC8392B}.Debug|Any CPU.Build.0 = Debug|Any CPU
		{55271AD0-7040-4A24-958F-036DBAC8392B}.Release|Any CPU.ActiveCfg = Release|Any CPU
		{55271AD0-7040-4A24-958F-036DBAC8392B}.Release|Any CPU.Build.0 = Release|Any CPU
	EndGlobalSection
	GlobalSection(SolutionProperties) = preSolution
		HideSolutionNode = FALSE
	EndGlobalSection
EndGlobal
