
Microsoft Visual Studio Solution File, Format Version 12.00
# Visual Studio Version 16
VisualStudioVersion = 16.0.29920.165
MinimumVisualStudioVersion = 10.0.40219.1
Project("{FAE04EC0-301F-11D3-BF4B-00C04F79EFBC}") = "WCFChat.Client", "WCFChat\WCFChat.Client.csproj", "{68D2F157-0F79-4146-825F-52D10286BA6B}"
	ProjectSection(ProjectDependencies) = postProject
		{3FCE8EE5-5197-4564-8621-AA3DBC42DA5E} = {3FCE8EE5-5197-4564-8621-AA3DBC42DA5E}
	EndProjectSection
EndProject
Project("{FAE04EC0-301F-11D3-BF4B-00C04F79EFBC}") = "WCFChat.Service", "WCFServer\WCFChat.Service.csproj", "{003F031C-3C1B-41AB-A529-1592091464E6}"
EndProject
Project("{FAE04EC0-301F-11D3-BF4B-00C04F79EFBC}") = "WCFChat.Host.IIS", "WcfService1\WCFChat.Host.IIS.csproj", "{3FCE8EE5-5197-4564-8621-AA3DBC42DA5E}"
EndProject
Project("{FAE04EC0-301F-11D3-BF4B-00C04F79EFBC}") = "WCFChat.Host.Console", "WCFChat.Host.Console\WCFChat.Host.Console.csproj", "{0816D222-BB3E-4609-A754-374C6F5C7575}"
	ProjectSection(ProjectDependencies) = postProject
		{3FCE8EE5-5197-4564-8621-AA3DBC42DA5E} = {3FCE8EE5-5197-4564-8621-AA3DBC42DA5E}
	EndProjectSection
EndProject
Project("{FAE04EC0-301F-11D3-BF4B-00C04F79EFBC}") = "WCFChat.Contracts", "WCFChat.Contracts\WCFChat.Contracts.csproj", "{E61AD648-2018-4EE1-800C-2C4B80270191}"
EndProject
Project("{FAE04EC0-301F-11D3-BF4B-00C04F79EFBC}") = "WCFChat.ClientConsole", "WCFChat.ClientConsole\WCFChat.ClientConsole.csproj", "{D88A1D84-D01B-4A0C-8388-A9C494FFD080}"
EndProject
Global
	GlobalSection(SolutionConfigurationPlatforms) = preSolution
		Debug|Any CPU = Debug|Any CPU
		Release|Any CPU = Release|Any CPU
	EndGlobalSection
	GlobalSection(ProjectConfigurationPlatforms) = postSolution
		{68D2F157-0F79-4146-825F-52D10286BA6B}.Debug|Any CPU.ActiveCfg = Debug|Any CPU
		{68D2F157-0F79-4146-825F-52D10286BA6B}.Debug|Any CPU.Build.0 = Debug|Any CPU
		{68D2F157-0F79-4146-825F-52D10286BA6B}.Release|Any CPU.ActiveCfg = Release|Any CPU
		{68D2F157-0F79-4146-825F-52D10286BA6B}.Release|Any CPU.Build.0 = Release|Any CPU
		{003F031C-3C1B-41AB-A529-1592091464E6}.Debug|Any CPU.ActiveCfg = Debug|Any CPU
		{003F031C-3C1B-41AB-A529-1592091464E6}.Debug|Any CPU.Build.0 = Debug|Any CPU
		{003F031C-3C1B-41AB-A529-1592091464E6}.Release|Any CPU.ActiveCfg = Release|Any CPU
		{003F031C-3C1B-41AB-A529-1592091464E6}.Release|Any CPU.Build.0 = Release|Any CPU
		{3FCE8EE5-5197-4564-8621-AA3DBC42DA5E}.Debug|Any CPU.ActiveCfg = Debug|Any CPU
		{3FCE8EE5-5197-4564-8621-AA3DBC42DA5E}.Debug|Any CPU.Build.0 = Debug|Any CPU
		{3FCE8EE5-5197-4564-8621-AA3DBC42DA5E}.Release|Any CPU.ActiveCfg = Release|Any CPU
		{3FCE8EE5-5197-4564-8621-AA3DBC42DA5E}.Release|Any CPU.Build.0 = Release|Any CPU
		{0816D222-BB3E-4609-A754-374C6F5C7575}.Debug|Any CPU.ActiveCfg = Debug|Any CPU
		{0816D222-BB3E-4609-A754-374C6F5C7575}.Debug|Any CPU.Build.0 = Debug|Any CPU
		{0816D222-BB3E-4609-A754-374C6F5C7575}.Release|Any CPU.ActiveCfg = Release|Any CPU
		{0816D222-BB3E-4609-A754-374C6F5C7575}.Release|Any CPU.Build.0 = Release|Any CPU
		{E61AD648-2018-4EE1-800C-2C4B80270191}.Debug|Any CPU.ActiveCfg = Debug|Any CPU
		{E61AD648-2018-4EE1-800C-2C4B80270191}.Debug|Any CPU.Build.0 = Debug|Any CPU
		{E61AD648-2018-4EE1-800C-2C4B80270191}.Release|Any CPU.ActiveCfg = Release|Any CPU
		{E61AD648-2018-4EE1-800C-2C4B80270191}.Release|Any CPU.Build.0 = Release|Any CPU
		{D88A1D84-D01B-4A0C-8388-A9C494FFD080}.Debug|Any CPU.ActiveCfg = Debug|Any CPU
		{D88A1D84-D01B-4A0C-8388-A9C494FFD080}.Debug|Any CPU.Build.0 = Debug|Any CPU
		{D88A1D84-D01B-4A0C-8388-A9C494FFD080}.Release|Any CPU.ActiveCfg = Release|Any CPU
		{D88A1D84-D01B-4A0C-8388-A9C494FFD080}.Release|Any CPU.Build.0 = Release|Any CPU
	EndGlobalSection
	GlobalSection(SolutionProperties) = preSolution
		HideSolutionNode = FALSE
	EndGlobalSection
	GlobalSection(ExtensibilityGlobals) = postSolution
		SolutionGuid = {A13BBBA1-159B-49C0-A619-339E4E035917}
	EndGlobalSection
EndGlobal
