
Microsoft Visual Studio Solution File, Format Version 12.00
# Visual Studio 15
VisualStudioVersion = 15.0.26730.10
MinimumVisualStudioVersion = 10.0.40219.1
Project("{FAE04EC0-301F-11D3-BF4B-00C04F79EFBC}") = "WCFChat.Client", "WCFChat\WCFChat.Client.csproj", "{68D2F157-0F79-4146-825F-52D10286BA6B}"
	ProjectSection(ProjectDependencies) = postProject
		{3FCE8EE5-5197-4564-8621-AA3DBC42DA5E} = {3FCE8EE5-5197-4564-8621-AA3DBC42DA5E}
	EndProjectSection
EndProject
Project("{FAE04EC0-301F-11D3-BF4B-00C04F79EFBC}") = "WCFChat.Service", "WCFServer\WCFChat.Service.csproj", "{003F031C-3C1B-41AB-A529-1592091464E6}"
EndProject
Project("{FAE04EC0-301F-11D3-BF4B-00C04F79EFBC}") = "WCFChat.Host.IIS", "WcfService1\WCFChat.Host.IIS.csproj", "{3FCE8EE5-5197-4564-8621-AA3DBC42DA5E}"
EndProject
Global
	GlobalSection(SolutionConfigurationPlatforms) = preSolution
		Debug|Any CPU = Debug|Any CPU
		Release|Any CPU = Release|Any CPU
	EndGlobalSection
	GlobalSection(ProjectConfigurationPlatforms) = postSolution
		{68D2F157-0F79-4146-825F-52D10286BA6B}.Debug|Any CPU.ActiveCfg = Debug|Any CPU
		{68D2F157-0F79-4146-825F-52D10286BA6B}.Debug|Any CPU.Build.0 = Debug|Any CPU
		{68D2F157-0F79-4146-825F-52D10286BA6B}.Release|Any CPU.ActiveCfg = Release|Any CPU
		{68D2F157-0F79-4146-825F-52D10286BA6B}.Release|Any CPU.Build.0 = Release|Any CPU
		{003F031C-3C1B-41AB-A529-1592091464E6}.Debug|Any CPU.ActiveCfg = Debug|Any CPU
		{003F031C-3C1B-41AB-A529-1592091464E6}.Debug|Any CPU.Build.0 = Debug|Any CPU
		{003F031C-3C1B-41AB-A529-1592091464E6}.Release|Any CPU.ActiveCfg = Release|Any CPU
		{003F031C-3C1B-41AB-A529-1592091464E6}.Release|Any CPU.Build.0 = Release|Any CPU
		{3FCE8EE5-5197-4564-8621-AA3DBC42DA5E}.Debug|Any CPU.ActiveCfg = Debug|Any CPU
		{3FCE8EE5-5197-4564-8621-AA3DBC42DA5E}.Debug|Any CPU.Build.0 = Debug|Any CPU
		{3FCE8EE5-5197-4564-8621-AA3DBC42DA5E}.Release|Any CPU.ActiveCfg = Release|Any CPU
		{3FCE8EE5-5197-4564-8621-AA3DBC42DA5E}.Release|Any CPU.Build.0 = Release|Any CPU
	EndGlobalSection
	GlobalSection(SolutionProperties) = preSolution
		HideSolutionNode = FALSE
	EndGlobalSection
	GlobalSection(ExtensibilityGlobals) = postSolution
		SolutionGuid = {A13BBBA1-159B-49C0-A619-339E4E035917}
	EndGlobalSection
EndGlobal
